// !$*UTF8*$!
{
	archiveVersion = 1;
	classes = {
	};
	objectVersion = 77;
	objects = {

/* Begin PBXBuildFile section */
		18D7A7B32DCDAB75005776E9 /* MLX in Frameworks */ = {isa = PBXBuildFile; productRef = 18D7A7B22DCDAB75005776E9 /* MLX */; };
		18D7A7B52DCDAB75005776E9 /* MLXFFT in Frameworks */ = {isa = PBXBuildFile; productRef = 18D7A7B42DCDAB75005776E9 /* MLXFFT */; };
		18D7A7B72DCDAB75005776E9 /* MLXFast in Frameworks */ = {isa = PBXBuildFile; productRef = 18D7A7B62DCDAB75005776E9 /* MLXFast */; };
		18D7A7B92DCDAB75005776E9 /* MLXLinalg in Frameworks */ = {isa = PBXBuildFile; productRef = 18D7A7B82DCDAB75005776E9 /* MLXLinalg */; };
		18D7A7BB2DCDAB75005776E9 /* MLXNN in Frameworks */ = {isa = PBXBuildFile; productRef = 18D7A7BA2DCDAB75005776E9 /* MLXNN */; };
		261E20862DAC272A000711D0 /* readme.md in Resources */ = {isa = PBXBuildFile; fileRef = 261E20852DAC2726000711D0 /* readme.md */; };
/* End PBXBuildFile section */

/* Begin PBXContainerItemProxy section */
		2648361D2DAD10AA004DA2A4 /* PBXContainerItemProxy */ = {
			isa = PBXContainerItemProxy;
			containerPortal = 26942CEE2DABD3B400B82507 /* Project object */;
			proxyType = 1;
			remoteGlobalIDString = 26942CF52DABD3B400B82507;
			remoteInfo = "Swift-TTS";
		};
/* End PBXContainerItemProxy section */

/* Begin PBXCopyFilesBuildPhase section */
		264836292DAD1252004DA2A4 /* Embed Frameworks */ = {
			isa = PBXCopyFilesBuildPhase;
			buildActionMask = 2147483647;
			dstPath = "";
			dstSubfolderSpec = 10;
			files = (
			);
			name = "Embed Frameworks";
			runOnlyForDeploymentPostprocessing = 0;
		};
		26942E032DABD5AE00B82507 /* Embed Frameworks */ = {
			isa = PBXCopyFilesBuildPhase;
			buildActionMask = 2147483647;
			dstPath = "";
			dstSubfolderSpec = 10;
			files = (
			);
			name = "Embed Frameworks";
			runOnlyForDeploymentPostprocessing = 0;
		};
/* End PBXCopyFilesBuildPhase section */

/* Begin PBXFileReference section */
		261E20852DAC2726000711D0 /* readme.md */ = {isa = PBXFileReference; lastKnownFileType = net.daringfireball.markdown; path = readme.md; sourceTree = "<group>"; };
		264836192DAD10AA004DA2A4 /* Swift-TTS-Tests.xctest */ = {isa = PBXFileReference; explicitFileType = wrapper.cfbundle; includeInIndex = 0; path = "Swift-TTS-Tests.xctest"; sourceTree = BUILT_PRODUCTS_DIR; };
		26942CF62DABD3B400B82507 /* Swift-TTS.app */ = {isa = PBXFileReference; explicitFileType = wrapper.application; includeInIndex = 0; path = "Swift-TTS.app"; sourceTree = BUILT_PRODUCTS_DIR; };
/* End PBXFileReference section */

/* Begin PBXFileSystemSynchronizedBuildFileExceptionSet section */
		2648362A2DAD1252004DA2A4 /* Exceptions for "Swift-TTS" folder in "Swift-TTS-Tests" target */ = {
			isa = PBXFileSystemSynchronizedBuildFileExceptionSet;
			membershipExceptions = (
				Kokoro/Frameworks/ESpeakNG.xcframework,
			);
			target = 264836182DAD10AA004DA2A4 /* Swift-TTS-Tests */;
		};
/* End PBXFileSystemSynchronizedBuildFileExceptionSet section */

/* Begin PBXFileSystemSynchronizedGroupBuildPhaseMembershipExceptionSet section */
		2648362B2DAD1252004DA2A4 /* Exceptions for "Swift-TTS" folder in "Embed Frameworks" phase from "Swift-TTS-Tests" target */ = {
			isa = PBXFileSystemSynchronizedGroupBuildPhaseMembershipExceptionSet;
			attributesByRelativePath = {
				Kokoro/Frameworks/ESpeakNG.xcframework = (CodeSignOnCopy, RemoveHeadersOnCopy, );
			};
			buildPhase = 264836292DAD1252004DA2A4 /* Embed Frameworks */;
			membershipExceptions = (
				Kokoro/Frameworks/ESpeakNG.xcframework,
			);
		};
		26942E042DABD5AE00B82507 /* Exceptions for "Swift-TTS" folder in "Embed Frameworks" phase from "Swift-TTS" target */ = {
			isa = PBXFileSystemSynchronizedGroupBuildPhaseMembershipExceptionSet;
			attributesByRelativePath = {
				Kokoro/Frameworks/ESpeakNG.xcframework = (CodeSignOnCopy, RemoveHeadersOnCopy, );
			};
			buildPhase = 26942E032DABD5AE00B82507 /* Embed Frameworks */;
			membershipExceptions = (
				Kokoro/Frameworks/ESpeakNG.xcframework,
			);
		};
/* End PBXFileSystemSynchronizedGroupBuildPhaseMembershipExceptionSet section */

/* Begin PBXFileSystemSynchronizedRootGroup section */
		2648361A2DAD10AA004DA2A4 /* Tests */ = {
			isa = PBXFileSystemSynchronizedRootGroup;
			path = Tests;
			sourceTree = "<group>";
		};
		26942CF82DABD3B400B82507 /* Swift-TTS */ = {
			isa = PBXFileSystemSynchronizedRootGroup;
			exceptions = (
				26942E042DABD5AE00B82507 /* Exceptions for "Swift-TTS" folder in "Embed Frameworks" phase from "Swift-TTS" target */,
				2648362A2DAD1252004DA2A4 /* Exceptions for "Swift-TTS" folder in "Swift-TTS-Tests" target */,
				2648362B2DAD1252004DA2A4 /* Exceptions for "Swift-TTS" folder in "Embed Frameworks" phase from "Swift-TTS-Tests" target */,
			);
			path = "Swift-TTS";
			sourceTree = "<group>";
		};
/* End PBXFileSystemSynchronizedRootGroup section */

/* Begin PBXFrameworksBuildPhase section */
		264836162DAD10AA004DA2A4 /* Frameworks */ = {
			isa = PBXFrameworksBuildPhase;
			buildActionMask = 2147483647;
			files = (
			);
			runOnlyForDeploymentPostprocessing = 0;
		};
		26942CF32DABD3B400B82507 /* Frameworks */ = {
			isa = PBXFrameworksBuildPhase;
			buildActionMask = 2147483647;
			files = (
				18D7A7BB2DCDAB75005776E9 /* MLXNN in Frameworks */,
				18D7A7B92DCDAB75005776E9 /* MLXLinalg in Frameworks */,
				18D7A7B32DCDAB75005776E9 /* MLX in Frameworks */,
				18D7A7B72DCDAB75005776E9 /* MLXFast in Frameworks */,
				18D7A7B52DCDAB75005776E9 /* MLXFFT in Frameworks */,
			);
			runOnlyForDeploymentPostprocessing = 0;
		};
/* End PBXFrameworksBuildPhase section */

/* Begin PBXGroup section */
		264836262DAD1252004DA2A4 /* Frameworks */ = {
			isa = PBXGroup;
			children = (
			);
			name = Frameworks;
			sourceTree = "<group>";
		};
		26942CED2DABD3B400B82507 = {
			isa = PBXGroup;
			children = (
				261E20852DAC2726000711D0 /* readme.md */,
				26942CF82DABD3B400B82507 /* Swift-TTS */,
				2648361A2DAD10AA004DA2A4 /* Tests */,
				264836262DAD1252004DA2A4 /* Frameworks */,
				26942CF72DABD3B400B82507 /* Products */,
			);
			sourceTree = "<group>";
		};
		26942CF72DABD3B400B82507 /* Products */ = {
			isa = PBXGroup;
			children = (
				26942CF62DABD3B400B82507 /* Swift-TTS.app */,
				264836192DAD10AA004DA2A4 /* Swift-TTS-Tests.xctest */,
			);
			name = Products;
			sourceTree = "<group>";
		};
/* End PBXGroup section */

/* Begin PBXNativeTarget section */
		264836182DAD10AA004DA2A4 /* Swift-TTS-Tests */ = {
			isa = PBXNativeTarget;
			buildConfigurationList = 264836212DAD10AA004DA2A4 /* Build configuration list for PBXNativeTarget "Swift-TTS-Tests" */;
			buildPhases = (
				264836152DAD10AA004DA2A4 /* Sources */,
				264836162DAD10AA004DA2A4 /* Frameworks */,
				264836172DAD10AA004DA2A4 /* Resources */,
				264836292DAD1252004DA2A4 /* Embed Frameworks */,
			);
			buildRules = (
			);
			dependencies = (
				2648361E2DAD10AA004DA2A4 /* PBXTargetDependency */,
			);
			fileSystemSynchronizedGroups = (
				2648361A2DAD10AA004DA2A4 /* Tests */,
			);
			name = "Swift-TTS-Tests";
			packageProductDependencies = (
			);
			productName = "Swift-TTS-Tests";
			productReference = 264836192DAD10AA004DA2A4 /* Swift-TTS-Tests.xctest */;
			productType = "com.apple.product-type.bundle.unit-test";
		};
		26942CF52DABD3B400B82507 /* Swift-TTS */ = {
			isa = PBXNativeTarget;
			buildConfigurationList = 26942D052DABD3B600B82507 /* Build configuration list for PBXNativeTarget "Swift-TTS" */;
			buildPhases = (
				26942CF22DABD3B400B82507 /* Sources */,
				26942CF32DABD3B400B82507 /* Frameworks */,
				26942CF42DABD3B400B82507 /* Resources */,
				26942E032DABD5AE00B82507 /* Embed Frameworks */,
			);
			buildRules = (
			);
			dependencies = (
			);
			fileSystemSynchronizedGroups = (
				26942CF82DABD3B400B82507 /* Swift-TTS */,
			);
			name = "Swift-TTS";
			packageProductDependencies = (
				18D7A7B22DCDAB75005776E9 /* MLX */,
				18D7A7B42DCDAB75005776E9 /* MLXFFT */,
				18D7A7B62DCDAB75005776E9 /* MLXFast */,
				18D7A7B82DCDAB75005776E9 /* MLXLinalg */,
				18D7A7BA2DCDAB75005776E9 /* MLXNN */,
			);
			productName = "Swift-TTS";
			productReference = 26942CF62DABD3B400B82507 /* Swift-TTS.app */;
			productType = "com.apple.product-type.application";
		};
/* End PBXNativeTarget section */

/* Begin PBXProject section */
		26942CEE2DABD3B400B82507 /* Project object */ = {
			isa = PBXProject;
			attributes = {
				BuildIndependentTargetsInParallel = 1;
				LastSwiftUpdateCheck = 1600;
				LastUpgradeCheck = 1600;
				TargetAttributes = {
					264836182DAD10AA004DA2A4 = {
						CreatedOnToolsVersion = 16.0;
						TestTargetID = 26942CF52DABD3B400B82507;
					};
					26942CF52DABD3B400B82507 = {
						CreatedOnToolsVersion = 16.0;
					};
				};
			};
			buildConfigurationList = 26942CF12DABD3B400B82507 /* Build configuration list for PBXProject "Swift-TTS" */;
			developmentRegion = en;
			hasScannedForEncodings = 0;
			knownRegions = (
				en,
				Base,
			);
			mainGroup = 26942CED2DABD3B400B82507;
			minimizedProjectReferenceProxies = 1;
			packageReferences = (
				18D7A7B12DCDAB75005776E9 /* XCRemoteSwiftPackageReference "mlx-swift" */,
			);
			preferredProjectObjectVersion = 77;
			productRefGroup = 26942CF72DABD3B400B82507 /* Products */;
			projectDirPath = "";
			projectRoot = "";
			targets = (
				26942CF52DABD3B400B82507 /* Swift-TTS */,
				264836182DAD10AA004DA2A4 /* Swift-TTS-Tests */,
			);
		};
/* End PBXProject section */

/* Begin PBXResourcesBuildPhase section */
		264836172DAD10AA004DA2A4 /* Resources */ = {
			isa = PBXResourcesBuildPhase;
			buildActionMask = 2147483647;
			files = (
			);
			runOnlyForDeploymentPostprocessing = 0;
		};
		26942CF42DABD3B400B82507 /* Resources */ = {
			isa = PBXResourcesBuildPhase;
			buildActionMask = 2147483647;
			files = (
				261E20862DAC272A000711D0 /* readme.md in Resources */,
			);
			runOnlyForDeploymentPostprocessing = 0;
		};
/* End PBXResourcesBuildPhase section */

/* Begin PBXSourcesBuildPhase section */
		264836152DAD10AA004DA2A4 /* Sources */ = {
			isa = PBXSourcesBuildPhase;
			buildActionMask = 2147483647;
			files = (
			);
			runOnlyForDeploymentPostprocessing = 0;
		};
		26942CF22DABD3B400B82507 /* Sources */ = {
			isa = PBXSourcesBuildPhase;
			buildActionMask = 2147483647;
			files = (
			);
			runOnlyForDeploymentPostprocessing = 0;
		};
/* End PBXSourcesBuildPhase section */

/* Begin PBXTargetDependency section */
		2648361E2DAD10AA004DA2A4 /* PBXTargetDependency */ = {
			isa = PBXTargetDependency;
			target = 26942CF52DABD3B400B82507 /* Swift-TTS */;
			targetProxy = 2648361D2DAD10AA004DA2A4 /* PBXContainerItemProxy */;
		};
/* End PBXTargetDependency section */

/* Begin XCBuildConfiguration section */
		2648361F2DAD10AA004DA2A4 /* Debug */ = {
			isa = XCBuildConfiguration;
			buildSettings = {
				BUILD_LIBRARY_FOR_DISTRIBUTION = NO;
				BUNDLE_LOADER = "$(TEST_HOST)";
				CODE_SIGN_STYLE = Automatic;
				CURRENT_PROJECT_VERSION = 1;
				DEFINES_MODULE = YES;
				DEVELOPMENT_TEAM = 793V7A9UA3;
				GENERATE_INFOPLIST_FILE = YES;
				MARKETING_VERSION = 1.0;
				PRODUCT_BUNDLE_IDENTIFIER = "com.lumen-digital.Swift-TTS-Tests";
				PRODUCT_NAME = "$(TARGET_NAME)";
				SWIFT_EMIT_LOC_STRINGS = NO;
				SWIFT_VERSION = 5.0;
				TEST_HOST = "$(BUILT_PRODUCTS_DIR)/Swift-TTS.app/$(BUNDLE_EXECUTABLE_FOLDER_PATH)/Swift-TTS";
			};
			name = Debug;
		};
		264836202DAD10AA004DA2A4 /* Release */ = {
			isa = XCBuildConfiguration;
			buildSettings = {
				BUILD_LIBRARY_FOR_DISTRIBUTION = NO;
				BUNDLE_LOADER = "$(TEST_HOST)";
				CODE_SIGN_STYLE = Automatic;
				CURRENT_PROJECT_VERSION = 1;
				DEFINES_MODULE = YES;
				DEVELOPMENT_TEAM = 793V7A9UA3;
				GENERATE_INFOPLIST_FILE = YES;
				MARKETING_VERSION = 1.0;
				PRODUCT_BUNDLE_IDENTIFIER = "com.lumen-digital.Swift-TTS-Tests";
				PRODUCT_NAME = "$(TARGET_NAME)";
				SWIFT_EMIT_LOC_STRINGS = NO;
				SWIFT_VERSION = 5.0;
				TEST_HOST = "$(BUILT_PRODUCTS_DIR)/Swift-TTS.app/$(BUNDLE_EXECUTABLE_FOLDER_PATH)/Swift-TTS";
			};
			name = Release;
		};
		26942D032DABD3B600B82507 /* Debug */ = {
			isa = XCBuildConfiguration;
			buildSettings = {
				ALWAYS_SEARCH_USER_PATHS = NO;
				ASSETCATALOG_COMPILER_GENERATE_SWIFT_ASSET_SYMBOL_EXTENSIONS = YES;
				CLANG_ANALYZER_NONNULL = YES;
				CLANG_ANALYZER_NUMBER_OBJECT_CONVERSION = YES_AGGRESSIVE;
				CLANG_CXX_LANGUAGE_STANDARD = "gnu++20";
				CLANG_ENABLE_MODULES = YES;
				CLANG_ENABLE_OBJC_ARC = YES;
				CLANG_ENABLE_OBJC_WEAK = YES;
				CLANG_WARN_BLOCK_CAPTURE_AUTORELEASING = YES;
				CLANG_WARN_BOOL_CONVERSION = YES;
				CLANG_WARN_COMMA = YES;
				CLANG_WARN_CONSTANT_CONVERSION = YES;
				CLANG_WARN_DEPRECATED_OBJC_IMPLEMENTATIONS = YES;
				CLANG_WARN_DIRECT_OBJC_ISA_USAGE = YES_ERROR;
				CLANG_WARN_DOCUMENTATION_COMMENTS = YES;
				CLANG_WARN_EMPTY_BODY = YES;
				CLANG_WARN_ENUM_CONVERSION = YES;
				CLANG_WARN_INFINITE_RECURSION = YES;
				CLANG_WARN_INT_CONVERSION = YES;
				CLANG_WARN_NON_LITERAL_NULL_CONVERSION = YES;
				CLANG_WARN_OBJC_IMPLICIT_RETAIN_SELF = YES;
				CLANG_WARN_OBJC_LITERAL_CONVERSION = YES;
				CLANG_WARN_OBJC_ROOT_CLASS = YES_ERROR;
				CLANG_WARN_QUOTED_INCLUDE_IN_FRAMEWORK_HEADER = YES;
				CLANG_WARN_RANGE_LOOP_ANALYSIS = YES;
				CLANG_WARN_STRICT_PROTOTYPES = YES;
				CLANG_WARN_SUSPICIOUS_MOVE = YES;
				CLANG_WARN_UNGUARDED_AVAILABILITY = YES_AGGRESSIVE;
				CLANG_WARN_UNREACHABLE_CODE = YES;
				CLANG_WARN__DUPLICATE_METHOD_MATCH = YES;
				COPY_PHASE_STRIP = NO;
				DEBUG_INFORMATION_FORMAT = dwarf;
				ENABLE_STRICT_OBJC_MSGSEND = YES;
				ENABLE_TESTABILITY = YES;
				ENABLE_USER_SCRIPT_SANDBOXING = YES;
				GCC_C_LANGUAGE_STANDARD = gnu17;
				GCC_DYNAMIC_NO_PIC = NO;
				GCC_NO_COMMON_BLOCKS = YES;
				GCC_OPTIMIZATION_LEVEL = 0;
				GCC_PREPROCESSOR_DEFINITIONS = (
					"DEBUG=1",
					"$(inherited)",
				);
				GCC_WARN_64_TO_32_BIT_CONVERSION = YES;
				GCC_WARN_ABOUT_RETURN_TYPE = YES_ERROR;
				GCC_WARN_UNDECLARED_SELECTOR = YES;
				GCC_WARN_UNINITIALIZED_AUTOS = YES_AGGRESSIVE;
				GCC_WARN_UNUSED_FUNCTION = YES;
				GCC_WARN_UNUSED_VARIABLE = YES;
				LOCALIZATION_PREFERS_STRING_CATALOGS = YES;
				MACOSX_DEPLOYMENT_TARGET = 15.0;
				MTL_ENABLE_DEBUG_INFO = INCLUDE_SOURCE;
				MTL_FAST_MATH = YES;
				ONLY_ACTIVE_ARCH = YES;
				SDKROOT = macosx;
				SWIFT_ACTIVE_COMPILATION_CONDITIONS = "DEBUG $(inherited)";
				SWIFT_OPTIMIZATION_LEVEL = "-Onone";
			};
			name = Debug;
		};
		26942D042DABD3B600B82507 /* Release */ = {
			isa = XCBuildConfiguration;
			buildSettings = {
				ALWAYS_SEARCH_USER_PATHS = NO;
				ASSETCATALOG_COMPILER_GENERATE_SWIFT_ASSET_SYMBOL_EXTENSIONS = YES;
				CLANG_ANALYZER_NONNULL = YES;
				CLANG_ANALYZER_NUMBER_OBJECT_CONVERSION = YES_AGGRESSIVE;
				CLANG_CXX_LANGUAGE_STANDARD = "gnu++20";
				CLANG_ENABLE_MODULES = YES;
				CLANG_ENABLE_OBJC_ARC = YES;
				CLANG_ENABLE_OBJC_WEAK = YES;
				CLANG_WARN_BLOCK_CAPTURE_AUTORELEASING = YES;
				CLANG_WARN_BOOL_CONVERSION = YES;
				CLANG_WARN_COMMA = YES;
				CLANG_WARN_CONSTANT_CONVERSION = YES;
				CLANG_WARN_DEPRECATED_OBJC_IMPLEMENTATIONS = YES;
				CLANG_WARN_DIRECT_OBJC_ISA_USAGE = YES_ERROR;
				CLANG_WARN_DOCUMENTATION_COMMENTS = YES;
				CLANG_WARN_EMPTY_BODY = YES;
				CLANG_WARN_ENUM_CONVERSION = YES;
				CLANG_WARN_INFINITE_RECURSION = YES;
				CLANG_WARN_INT_CONVERSION = YES;
				CLANG_WARN_NON_LITERAL_NULL_CONVERSION = YES;
				CLANG_WARN_OBJC_IMPLICIT_RETAIN_SELF = YES;
				CLANG_WARN_OBJC_LITERAL_CONVERSION = YES;
				CLANG_WARN_OBJC_ROOT_CLASS = YES_ERROR;
				CLANG_WARN_QUOTED_INCLUDE_IN_FRAMEWORK_HEADER = YES;
				CLANG_WARN_RANGE_LOOP_ANALYSIS = YES;
				CLANG_WARN_STRICT_PROTOTYPES = YES;
				CLANG_WARN_SUSPICIOUS_MOVE = YES;
				CLANG_WARN_UNGUARDED_AVAILABILITY = YES_AGGRESSIVE;
				CLANG_WARN_UNREACHABLE_CODE = YES;
				CLANG_WARN__DUPLICATE_METHOD_MATCH = YES;
				COPY_PHASE_STRIP = NO;
				DEBUG_INFORMATION_FORMAT = "dwarf-with-dsym";
				ENABLE_NS_ASSERTIONS = NO;
				ENABLE_STRICT_OBJC_MSGSEND = YES;
				ENABLE_USER_SCRIPT_SANDBOXING = YES;
				GCC_C_LANGUAGE_STANDARD = gnu17;
				GCC_NO_COMMON_BLOCKS = YES;
				GCC_WARN_64_TO_32_BIT_CONVERSION = YES;
				GCC_WARN_ABOUT_RETURN_TYPE = YES_ERROR;
				GCC_WARN_UNDECLARED_SELECTOR = YES;
				GCC_WARN_UNINITIALIZED_AUTOS = YES_AGGRESSIVE;
				GCC_WARN_UNUSED_FUNCTION = YES;
				GCC_WARN_UNUSED_VARIABLE = YES;
				LOCALIZATION_PREFERS_STRING_CATALOGS = YES;
				MACOSX_DEPLOYMENT_TARGET = 15.0;
				MTL_ENABLE_DEBUG_INFO = NO;
				MTL_FAST_MATH = YES;
				SDKROOT = macosx;
				SWIFT_COMPILATION_MODE = wholemodule;
			};
			name = Release;
		};
		26942D062DABD3B600B82507 /* Debug */ = {
			isa = XCBuildConfiguration;
			buildSettings = {
				ASSETCATALOG_COMPILER_APPICON_NAME = AppIcon;
				ASSETCATALOG_COMPILER_GLOBAL_ACCENT_COLOR_NAME = AccentColor;
				CODE_SIGN_ENTITLEMENTS = "Swift-TTS/Swift_TTS.entitlements";
				CODE_SIGN_STYLE = Automatic;
				COMBINE_HIDPI_IMAGES = YES;
				CURRENT_PROJECT_VERSION = 1;
				DEVELOPMENT_ASSET_PATHS = "\"Swift-TTS/Preview Content\"";
				DEVELOPMENT_TEAM = 793V7A9UA3;
				ENABLE_HARDENED_RUNTIME = YES;
				ENABLE_PREVIEWS = YES;
				GENERATE_INFOPLIST_FILE = YES;
				INFOPLIST_KEY_NSHumanReadableCopyright = "";
				LD_RUNPATH_SEARCH_PATHS = (
					"$(inherited)",
					"@executable_path/../Frameworks",
				);
				MARKETING_VERSION = 1.0;
				PRODUCT_BUNDLE_IDENTIFIER = "com.lumen-digital.Swift-TTS";
				PRODUCT_NAME = "$(TARGET_NAME)";
				SWIFT_EMIT_LOC_STRINGS = YES;
				SWIFT_VERSION = 5.0;
			};
			name = Debug;
		};
		26942D072DABD3B600B82507 /* Release */ = {
			isa = XCBuildConfiguration;
			buildSettings = {
				ASSETCATALOG_COMPILER_APPICON_NAME = AppIcon;
				ASSETCATALOG_COMPILER_GLOBAL_ACCENT_COLOR_NAME = AccentColor;
				CODE_SIGN_ENTITLEMENTS = "Swift-TTS/Swift_TTS.entitlements";
				CODE_SIGN_STYLE = Automatic;
				COMBINE_HIDPI_IMAGES = YES;
				CURRENT_PROJECT_VERSION = 1;
				DEVELOPMENT_ASSET_PATHS = "\"Swift-TTS/Preview Content\"";
				DEVELOPMENT_TEAM = 793V7A9UA3;
				ENABLE_HARDENED_RUNTIME = YES;
				ENABLE_PREVIEWS = YES;
				GENERATE_INFOPLIST_FILE = YES;
				INFOPLIST_KEY_NSHumanReadableCopyright = "";
				LD_RUNPATH_SEARCH_PATHS = (
					"$(inherited)",
					"@executable_path/../Frameworks",
				);
				MARKETING_VERSION = 1.0;
				PRODUCT_BUNDLE_IDENTIFIER = "com.lumen-digital.Swift-TTS";
				PRODUCT_NAME = "$(TARGET_NAME)";
				SWIFT_EMIT_LOC_STRINGS = YES;
				SWIFT_VERSION = 5.0;
			};
			name = Release;
		};
/* End XCBuildConfiguration section */

/* Begin XCConfigurationList section */
		264836212DAD10AA004DA2A4 /* Build configuration list for PBXNativeTarget "Swift-TTS-Tests" */ = {
			isa = XCConfigurationList;
			buildConfigurations = (
				2648361F2DAD10AA004DA2A4 /* Debug */,
				264836202DAD10AA004DA2A4 /* Release */,
			);
			defaultConfigurationIsVisible = 0;
			defaultConfigurationName = Release;
		};
		26942CF12DABD3B400B82507 /* Build configuration list for PBXProject "Swift-TTS" */ = {
			isa = XCConfigurationList;
			buildConfigurations = (
				26942D032DABD3B600B82507 /* Debug */,
				26942D042DABD3B600B82507 /* Release */,
			);
			defaultConfigurationIsVisible = 0;
			defaultConfigurationName = Release;
		};
		26942D052DABD3B600B82507 /* Build configuration list for PBXNativeTarget "Swift-TTS" */ = {
			isa = XCConfigurationList;
			buildConfigurations = (
				26942D062DABD3B600B82507 /* Debug */,
				26942D072DABD3B600B82507 /* Release */,
			);
			defaultConfigurationIsVisible = 0;
			defaultConfigurationName = Release;
		};
/* End XCConfigurationList section */

/* Begin XCRemoteSwiftPackageReference section */
		18D7A7B12DCDAB75005776E9 /* XCRemoteSwiftPackageReference "mlx-swift" */ = {
			isa = XCRemoteSwiftPackageReference;
			repositoryURL = "https://github.com/ml-explore/mlx-swift";
			requirement = {
				kind = upToNextMajorVersion;
				minimumVersion = 0.25.2;
			};
		};
/* End XCRemoteSwiftPackageReference section */

/* Begin XCSwiftPackageProductDependency section */
		18D7A7B22DCDAB75005776E9 /* MLX */ = {
			isa = XCSwiftPackageProductDependency;
			package = 18D7A7B12DCDAB75005776E9 /* XCRemoteSwiftPackageReference "mlx-swift" */;
			productName = MLX;
		};
		18D7A7B42DCDAB75005776E9 /* MLXFFT */ = {
			isa = XCSwiftPackageProductDependency;
			package = 18D7A7B12DCDAB75005776E9 /* XCRemoteSwiftPackageReference "mlx-swift" */;
			productName = MLXFFT;
		};
		18D7A7B62DCDAB75005776E9 /* MLXFast */ = {
			isa = XCSwiftPackageProductDependency;
			package = 18D7A7B12DCDAB75005776E9 /* XCRemoteSwiftPackageReference "mlx-swift" */;
			productName = MLXFast;
		};
		18D7A7B82DCDAB75005776E9 /* MLXLinalg */ = {
			isa = XCSwiftPackageProductDependency;
			package = 18D7A7B12DCDAB75005776E9 /* XCRemoteSwiftPackageReference "mlx-swift" */;
			productName = MLXLinalg;
		};
		18D7A7BA2DCDAB75005776E9 /* MLXNN */ = {
			isa = XCSwiftPackageProductDependency;
			package = 18D7A7B12DCDAB75005776E9 /* XCRemoteSwiftPackageReference "mlx-swift" */;
			productName = MLXNN;
		};
/* End XCSwiftPackageProductDependency section */
	};
	rootObject = 26942CEE2DABD3B400B82507 /* Project object */;
}
